<?xml version="1.0" encoding="utf-8"?>
<Project ToolsVersion="4.0" xmlns="http://schemas.microsoft.com/developer/msbuild/2003">
  <ItemGroup>
    <ClCompile Include="main.cc" />
    <ClCompile Include="position_embeding.cc" />
    <ClCompile Include="transformer\ffn_layer.cc">
      <Filter>transformer</Filter>
    </ClCompile>
    <ClCompile Include="kernal\kernal_cpu.cc">
      <Filter>kernal</Filter>
    </ClCompile>
    <ClCompile Include="transformer\add_norm.cc">
      <Filter>transformer</Filter>
    </ClCompile>
    <ClCompile Include="transformer\softmax.cc">
      <Filter>transformer</Filter>
    </ClCompile>
    <ClCompile Include="transformer\multi_head_attention.cc">
      <Filter>transformer</Filter>
    </ClCompile>
    <ClCompile Include="transformer\transformer.cc">
      <Filter>transformer</Filter>
    </ClCompile>
    <ClCompile Include="transformer\encoder.cc">
      <Filter>transformer</Filter>
    </ClCompile>
    <ClCompile Include="transformer\decoder.cc">
      <Filter>transformer</Filter>
    </ClCompile>
    <ClCompile Include="transformer\attention.cc">
      <Filter>transformer</Filter>
    </ClCompile>
    <ClCompile Include="transformer\data_block.cc">
      <Filter>transformer</Filter>
    </ClCompile>
  </ItemGroup>
  <ItemGroup>
    <ClInclude Include="position_embeding.h" />
    <ClInclude Include="transformer\ffn_layer.h">
      <Filter>transformer</Filter>
    </ClInclude>
    <ClInclude Include="transformer\haipin_define.h">
      <Filter>transformer</Filter>
    </ClInclude>
    <ClInclude Include="kernal\kernal.h">
      <Filter>kernal</Filter>
    </ClInclude>
    <ClInclude Include="transformer\add_norm.h">
      <Filter>transformer</Filter>
    </ClInclude>
    <ClInclude Include="transformer\softmax.h">
      <Filter>transformer</Filter>
    </ClInclude>
    <ClInclude Include="transformer\multi_head_attention.h">
      <Filter>transformer</Filter>
    </ClInclude>
    <ClInclude Include="transformer\transformer.h">
      <Filter>transformer</Filter>
    </ClInclude>
    <ClInclude Include="transformer\encoder.h">
      <Filter>transformer</Filter>
    </ClInclude>
    <ClInclude Include="transformer\decoder.h">
      <Filter>transformer</Filter>
    </ClInclude>
    <ClInclude Include="transformer\attention.h">
      <Filter>transformer</Filter>
    </ClInclude>
    <ClInclude Include="transformer\data_block.h">
      <Filter>transformer</Filter>
    </ClInclude>
  </ItemGroup>
  <ItemGroup>
    <Filter Include="transformer">
      <UniqueIdentifier>{9e04cffb-dc91-43dd-ad76-5e0d34445203}</UniqueIdentifier>
    </Filter>
    <Filter Include="kernal">
      <UniqueIdentifier>{3cd112e9-5ef3-4ae3-84be-d786d514355c}</UniqueIdentifier>
    </Filter>
  </ItemGroup>
</Project>